
Microsoft Visual Studio Solution File, Format Version 12.00
# Visual Studio Version 17
VisualStudioVersion = 17.5.002.0
MinimumVisualStudioVersion = 10.0.40219.1
Project("{9A19103F-16F7-4668-BE54-9A1E7A4F7556}") = "EstructuraDatos2425", "EstructuraDatos2425\EstructuraDatos2425.csproj", "{87FEFC6E-5948-4DC2-942C-0093D2E895CC}"
EndProject
Project("{FAE04EC0-301F-11D3-BF4B-00C04F79EFBC}") = "Angendaturnos", "Angendaturnos\Angendaturnos.csproj", "{84F57B66-31DE-4FF7-A7F5-5BE59B28F06A}"
EndProject
Global
	GlobalSection(SolutionConfigurationPlatforms) = preSolution
		Debug|Any CPU = Debug|Any CPU
		Release|Any CPU = Release|Any CPU
	EndGlobalSection
	GlobalSection(ProjectConfigurationPlatforms) = postSolution
		{87FEFC6E-5948-4DC2-942C-0093D2E895CC}.Debug|Any CPU.ActiveCfg = Debug|Any CPU
		{87FEFC6E-5948-4DC2-942C-0093D2E895CC}.Debug|Any CPU.Build.0 = Debug|Any CPU
		{87FEFC6E-5948-4DC2-942C-0093D2E895CC}.Release|Any CPU.ActiveCfg = Release|Any CPU
		{87FEFC6E-5948-4DC2-942C-0093D2E895CC}.Release|Any CPU.Build.0 = Release|Any CPU
		{84F57B66-31DE-4FF7-A7F5-5BE59B28F06A}.Debug|Any CPU.ActiveCfg = Debug|Any CPU
		{84F57B66-31DE-4FF7-A7F5-5BE59B28F06A}.Debug|Any CPU.Build.0 = Debug|Any CPU
		{84F57B66-31DE-4FF7-A7F5-5BE59B28F06A}.Release|Any CPU.ActiveCfg = Release|Any CPU
		{84F57B66-31DE-4FF7-A7F5-5BE59B28F06A}.Release|Any CPU.Build.0 = Release|Any CPU
	EndGlobalSection
	GlobalSection(SolutionProperties) = preSolution
		HideSolutionNode = FALSE
	EndGlobalSection
	GlobalSection(ExtensibilityGlobals) = postSolution
		SolutionGuid = {2AC5138C-B10D-4B1C-8DC4-B3E48A0B0091}
	EndGlobalSection
EndGlobal
